
Microsoft Visual Studio Solution File, Format Version 12.00
# Visual Studio 15
VisualStudioVersion = 15.0.27703.2018
MinimumVisualStudioVersion = 10.0.40219.1
Project("{FAE04EC0-301F-11D3-BF4B-00C04F79EFBC}") = "Building.A.Schedule.Manager.With.Quartz", "Building.A.Schedule.Manager.With.Quartz\Building.A.Schedule.Manager.With.Quartz.csproj", "{E1EC163B-C4DB-4E40-8333-FC0064DDD89B}"
EndProject
Global
	GlobalSection(SolutionConfigurationPlatforms) = preSolution
		Debug|Any CPU = Debug|Any CPU
		Release|Any CPU = Release|Any CPU
	EndGlobalSection
	GlobalSection(ProjectConfigurationPlatforms) = postSolution
		{E1EC163B-C4DB-4E40-8333-FC0064DDD89B}.Debug|Any CPU.ActiveCfg = Debug|Any CPU
		{E1EC163B-C4DB-4E40-8333-FC0064DDD89B}.Debug|Any CPU.Build.0 = Debug|Any CPU
		{E1EC163B-C4DB-4E40-8333-FC0064DDD89B}.Release|Any CPU.ActiveCfg = Release|Any CPU
		{E1EC163B-C4DB-4E40-8333-FC0064DDD89B}.Release|Any CPU.Build.0 = Release|Any CPU
	EndGlobalSection
	GlobalSection(SolutionProperties) = preSolution
		HideSolutionNode = FALSE
	EndGlobalSection
	GlobalSection(ExtensibilityGlobals) = postSolution
		SolutionGuid = {7BADBE35-725B-4A85-8204-FEA71615A068}
	EndGlobalSection
EndGlobal
